
Microsoft Visual Studio Solution File, Format Version 12.00
# Visual Studio Version 17
VisualStudioVersion = 17.0.32126.317
MinimumVisualStudioVersion = 10.0.40219.1
Project("{FAE04EC0-301F-11D3-BF4B-00C04F79EFBC}") = "HasuraActionExt", "HasuraActionExt.csproj", "{4B471792-5D8D-4464-B7B3-DD89F2AD47D4}"
EndProject
Global
	GlobalSection(SolutionConfigurationPlatforms) = preSolution
		Debug|Any CPU = Debug|Any CPU
		Release|Any CPU = Release|Any CPU
	EndGlobalSection
	GlobalSection(ProjectConfigurationPlatforms) = postSolution
		{4B471792-5D8D-4464-B7B3-DD89F2AD47D4}.Debug|Any CPU.ActiveCfg = Debug|Any CPU
		{4B471792-5D8D-4464-B7B3-DD89F2AD47D4}.Debug|Any CPU.Build.0 = Debug|Any CPU
		{4B471792-5D8D-4464-B7B3-DD89F2AD47D4}.Release|Any CPU.ActiveCfg = Release|Any CPU
		{4B471792-5D8D-4464-B7B3-DD89F2AD47D4}.Release|Any CPU.Build.0 = Release|Any CPU
	EndGlobalSection
	GlobalSection(SolutionProperties) = preSolution
		HideSolutionNode = FALSE
	EndGlobalSection
	GlobalSection(ExtensibilityGlobals) = postSolution
		SolutionGuid = {D802956C-C4CA-44E5-8877-BBC1E00B3C80}
	EndGlobalSection
EndGlobal
